// !$*UTF8*$!
{
	archiveVersion = 1;
	classes = {
	};
	objectVersion = 55;
	objects = {

/* Begin PBXBuildFile section */
		CE00A3F1285B319A00DAC418 /* AppDelegate.swift in Sources */ = {isa = PBXBuildFile; fileRef = CE00A3F0285B319A00DAC418 /* AppDelegate.swift */; };
		CE00A3F3285B319A00DAC418 /* SceneDelegate.swift in Sources */ = {isa = PBXBuildFile; fileRef = CE00A3F2285B319A00DAC418 /* SceneDelegate.swift */; };
		CE00A3F5285B319A00DAC418 /* ViewController.swift in Sources */ = {isa = PBXBuildFile; fileRef = CE00A3F4285B319A00DAC418 /* ViewController.swift */; };
		CE00A3F8285B319A00DAC418 /* Main.storyboard in Resources */ = {isa = PBXBuildFile; fileRef = CE00A3F6285B319A00DAC418 /* Main.storyboard */; };
		CE00A3FA285B319B00DAC418 /* Assets.xcassets in Resources */ = {isa = PBXBuildFile; fileRef = CE00A3F9285B319B00DAC418 /* Assets.xcassets */; };
		CE00A3FD285B319B00DAC418 /* LaunchScreen.storyboard in Resources */ = {isa = PBXBuildFile; fileRef = CE00A3FB285B319B00DAC418 /* LaunchScreen.storyboard */; };
		CE00A40A285BAED500DAC418 /* VideoModel.swift in Sources */ = {isa = PBXBuildFile; fileRef = CE00A409285BAED500DAC418 /* VideoModel.swift */; };
		CE00A40E285BE30400DAC418 /* Constants.swift in Sources */ = {isa = PBXBuildFile; fileRef = CE00A40D285BE30400DAC418 /* Constants.swift */; };
		CE00A410285BECB200DAC418 /* PlaylistCollectionView.swift in Sources */ = {isa = PBXBuildFile; fileRef = CE00A40F285BECB200DAC418 /* PlaylistCollectionView.swift */; };
		CE00A412285BECC800DAC418 /* PlaylistCollectionViewCell.swift in Sources */ = {isa = PBXBuildFile; fileRef = CE00A411285BECC800DAC418 /* PlaylistCollectionViewCell.swift */; };
		CE00A414285C03CE00DAC418 /* GalleryTimer.swift in Sources */ = {isa = PBXBuildFile; fileRef = CE00A413285C03CE00DAC418 /* GalleryTimer.swift */; };
		CE00A416285C290100DAC418 /* GalleryCollectionViewCell.swift in Sources */ = {isa = PBXBuildFile; fileRef = CE00A415285C290100DAC418 /* GalleryCollectionViewCell.swift */; };
		CE00A418285CAA2700DAC418 /* SecondPlaylistCollectionView.swift in Sources */ = {isa = PBXBuildFile; fileRef = CE00A417285CAA2700DAC418 /* SecondPlaylistCollectionView.swift */; };
		CE00A41A285CAA7300DAC418 /* SecondPlaylistCollectionViewCell.swift in Sources */ = {isa = PBXBuildFile; fileRef = CE00A419285CAA7300DAC418 /* SecondPlaylistCollectionViewCell.swift */; };
/* End PBXBuildFile section */

/* Begin PBXFileReference section */
		CE00A3ED285B319A00DAC418 /* YuoTubeAPI_APP.app */ = {isa = PBXFileReference; explicitFileType = wrapper.application; includeInIndex = 0; path = YuoTubeAPI_APP.app; sourceTree = BUILT_PRODUCTS_DIR; };
		CE00A3F0285B319A00DAC418 /* AppDelegate.swift */ = {isa = PBXFileReference; lastKnownFileType = sourcecode.swift; path = AppDelegate.swift; sourceTree = "<group>"; };
		CE00A3F2285B319A00DAC418 /* SceneDelegate.swift */ = {isa = PBXFileReference; lastKnownFileType = sourcecode.swift; path = SceneDelegate.swift; sourceTree = "<group>"; };
		CE00A3F4285B319A00DAC418 /* ViewController.swift */ = {isa = PBXFileReference; lastKnownFileType = sourcecode.swift; path = ViewController.swift; sourceTree = "<group>"; };
		CE00A3F7285B319A00DAC418 /* Base */ = {isa = PBXFileReference; lastKnownFileType = file.storyboard; name = Base; path = Base.lproj/Main.storyboard; sourceTree = "<group>"; };
		CE00A3F9285B319B00DAC418 /* Assets.xcassets */ = {isa = PBXFileReference; lastKnownFileType = folder.assetcatalog; path = Assets.xcassets; sourceTree = "<group>"; };
		CE00A3FC285B319B00DAC418 /* Base */ = {isa = PBXFileReference; lastKnownFileType = file.storyboard; name = Base; path = Base.lproj/LaunchScreen.storyboard; sourceTree = "<group>"; };
		CE00A3FE285B319B00DAC418 /* Info.plist */ = {isa = PBXFileReference; lastKnownFileType = text.plist.xml; path = Info.plist; sourceTree = "<group>"; };
		CE00A409285BAED500DAC418 /* VideoModel.swift */ = {isa = PBXFileReference; lastKnownFileType = sourcecode.swift; path = VideoModel.swift; sourceTree = "<group>"; };
		CE00A40D285BE30400DAC418 /* Constants.swift */ = {isa = PBXFileReference; lastKnownFileType = sourcecode.swift; path = Constants.swift; sourceTree = "<group>"; };
		CE00A40F285BECB200DAC418 /* PlaylistCollectionView.swift */ = {isa = PBXFileReference; lastKnownFileType = sourcecode.swift; path = PlaylistCollectionView.swift; sourceTree = "<group>"; };
		CE00A411285BECC800DAC418 /* PlaylistCollectionViewCell.swift */ = {isa = PBXFileReference; lastKnownFileType = sourcecode.swift; path = PlaylistCollectionViewCell.swift; sourceTree = "<group>"; };
		CE00A413285C03CE00DAC418 /* GalleryTimer.swift */ = {isa = PBXFileReference; lastKnownFileType = sourcecode.swift; path = GalleryTimer.swift; sourceTree = "<group>"; };
		CE00A415285C290100DAC418 /* GalleryCollectionViewCell.swift */ = {isa = PBXFileReference; lastKnownFileType = sourcecode.swift; path = GalleryCollectionViewCell.swift; sourceTree = "<group>"; };
		CE00A417285CAA2700DAC418 /* SecondPlaylistCollectionView.swift */ = {isa = PBXFileReference; lastKnownFileType = sourcecode.swift; path = SecondPlaylistCollectionView.swift; sourceTree = "<group>"; };
		CE00A419285CAA7300DAC418 /* SecondPlaylistCollectionViewCell.swift */ = {isa = PBXFileReference; lastKnownFileType = sourcecode.swift; path = SecondPlaylistCollectionViewCell.swift; sourceTree = "<group>"; };
/* End PBXFileReference section */

/* Begin PBXFrameworksBuildPhase section */
		CE00A3EA285B319A00DAC418 /* Frameworks */ = {
			isa = PBXFrameworksBuildPhase;
			buildActionMask = 2147483647;
			files = (
			);
			runOnlyForDeploymentPostprocessing = 0;
		};
/* End PBXFrameworksBuildPhase section */

/* Begin PBXGroup section */
		CE00A3E4285B319A00DAC418 = {
			isa = PBXGroup;
			children = (
				CE00A3EF285B319A00DAC418 /* YuoTubeAPI_APP */,
				CE00A3EE285B319A00DAC418 /* Products */,
			);
			sourceTree = "<group>";
		};
		CE00A3EE285B319A00DAC418 /* Products */ = {
			isa = PBXGroup;
			children = (
				CE00A3ED285B319A00DAC418 /* YuoTubeAPI_APP.app */,
			);
			name = Products;
			sourceTree = "<group>";
		};
		CE00A3EF285B319A00DAC418 /* YuoTubeAPI_APP */ = {
			isa = PBXGroup;
			children = (
				CE00A3F0285B319A00DAC418 /* AppDelegate.swift */,
				CE00A3F2285B319A00DAC418 /* SceneDelegate.swift */,
				CE00A40D285BE30400DAC418 /* Constants.swift */,
				CE00A413285C03CE00DAC418 /* GalleryTimer.swift */,
				CE00A408285BAEAC00DAC418 /* Model */,
				CE00A407285BAE9D00DAC418 /* Controller */,
				CE00A406285BAE9100DAC418 /* View */,
				CE00A3F9285B319B00DAC418 /* Assets.xcassets */,
				CE00A3FB285B319B00DAC418 /* LaunchScreen.storyboard */,
				CE00A3FE285B319B00DAC418 /* Info.plist */,
			);
			path = YuoTubeAPI_APP;
			sourceTree = "<group>";
		};
		CE00A406285BAE9100DAC418 /* View */ = {
			isa = PBXGroup;
			children = (
				CE00A40F285BECB200DAC418 /* PlaylistCollectionView.swift */,
				CE00A411285BECC800DAC418 /* PlaylistCollectionViewCell.swift */,
				CE00A417285CAA2700DAC418 /* SecondPlaylistCollectionView.swift */,
				CE00A419285CAA7300DAC418 /* SecondPlaylistCollectionViewCell.swift */,
				CE00A3F6285B319A00DAC418 /* Main.storyboard */,
				CE00A415285C290100DAC418 /* GalleryCollectionViewCell.swift */,
			);
			path = View;
			sourceTree = "<group>";
		};
		CE00A407285BAE9D00DAC418 /* Controller */ = {
			isa = PBXGroup;
			children = (
				CE00A3F4285B319A00DAC418 /* ViewController.swift */,
			);
			path = Controller;
			sourceTree = "<group>";
		};
		CE00A408285BAEAC00DAC418 /* Model */ = {
			isa = PBXGroup;
			children = (
				CE00A409285BAED500DAC418 /* VideoModel.swift */,
			);
			path = Model;
			sourceTree = "<group>";
		};
/* End PBXGroup section */

/* Begin PBXNativeTarget section */
		CE00A3EC285B319A00DAC418 /* YuoTubeAPI_APP */ = {
			isa = PBXNativeTarget;
			buildConfigurationList = CE00A401285B319B00DAC418 /* Build configuration list for PBXNativeTarget "YuoTubeAPI_APP" */;
			buildPhases = (
				CE00A3E9285B319A00DAC418 /* Sources */,
				CE00A3EA285B319A00DAC418 /* Frameworks */,
				CE00A3EB285B319A00DAC418 /* Resources */,
			);
			buildRules = (
			);
			dependencies = (
			);
			name = YuoTubeAPI_APP;
			productName = YuoTubeAPI_APP;
			productReference = CE00A3ED285B319A00DAC418 /* YuoTubeAPI_APP.app */;
			productType = "com.apple.product-type.application";
		};
/* End PBXNativeTarget section */

/* Begin PBXProject section */
		CE00A3E5285B319A00DAC418 /* Project object */ = {
			isa = PBXProject;
			attributes = {
				BuildIndependentTargetsInParallel = 1;
				LastSwiftUpdateCheck = 1330;
				LastUpgradeCheck = 1330;
				TargetAttributes = {
					CE00A3EC285B319A00DAC418 = {
						CreatedOnToolsVersion = 13.3.1;
					};
				};
			};
			buildConfigurationList = CE00A3E8285B319A00DAC418 /* Build configuration list for PBXProject "YuoTubeAPI_APP" */;
			compatibilityVersion = "Xcode 13.0";
			developmentRegion = en;
			hasScannedForEncodings = 0;
			knownRegions = (
				en,
				Base,
			);
			mainGroup = CE00A3E4285B319A00DAC418;
			productRefGroup = CE00A3EE285B319A00DAC418 /* Products */;
			projectDirPath = "";
			projectRoot = "";
			targets = (
				CE00A3EC285B319A00DAC418 /* YuoTubeAPI_APP */,
			);
		};
/* End PBXProject section */

/* Begin PBXResourcesBuildPhase section */
		CE00A3EB285B319A00DAC418 /* Resources */ = {
			isa = PBXResourcesBuildPhase;
			buildActionMask = 2147483647;
			files = (
				CE00A3FD285B319B00DAC418 /* LaunchScreen.storyboard in Resources */,
				CE00A3FA285B319B00DAC418 /* Assets.xcassets in Resources */,
				CE00A3F8285B319A00DAC418 /* Main.storyboard in Resources */,
			);
			runOnlyForDeploymentPostprocessing = 0;
		};
/* End PBXResourcesBuildPhase section */

/* Begin PBXSourcesBuildPhase section */
		CE00A3E9285B319A00DAC418 /* Sources */ = {
			isa = PBXSourcesBuildPhase;
			buildActionMask = 2147483647;
			files = (
				CE00A418285CAA2700DAC418 /* SecondPlaylistCollectionView.swift in Sources */,
				CE00A410285BECB200DAC418 /* PlaylistCollectionView.swift in Sources */,
				CE00A412285BECC800DAC418 /* PlaylistCollectionViewCell.swift in Sources */,
				CE00A3F5285B319A00DAC418 /* ViewController.swift in Sources */,
				CE00A414285C03CE00DAC418 /* GalleryTimer.swift in Sources */,
				CE00A3F1285B319A00DAC418 /* AppDelegate.swift in Sources */,
				CE00A40E285BE30400DAC418 /* Constants.swift in Sources */,
				CE00A40A285BAED500DAC418 /* VideoModel.swift in Sources */,
				CE00A416285C290100DAC418 /* GalleryCollectionViewCell.swift in Sources */,
				CE00A41A285CAA7300DAC418 /* SecondPlaylistCollectionViewCell.swift in Sources */,
				CE00A3F3285B319A00DAC418 /* SceneDelegate.swift in Sources */,
			);
			runOnlyForDeploymentPostprocessing = 0;
		};
/* End PBXSourcesBuildPhase section */

/* Begin PBXVariantGroup section */
		CE00A3F6285B319A00DAC418 /* Main.storyboard */ = {
			isa = PBXVariantGroup;
			children = (
				CE00A3F7285B319A00DAC418 /* Base */,
			);
			name = Main.storyboard;
			sourceTree = "<group>";
		};
		CE00A3FB285B319B00DAC418 /* LaunchScreen.storyboard */ = {
			isa = PBXVariantGroup;
			children = (
				CE00A3FC285B319B00DAC418 /* Base */,
			);
			name = LaunchScreen.storyboard;
			sourceTree = "<group>";
		};
/* End PBXVariantGroup section */

/* Begin XCBuildConfiguration section */
		CE00A3FF285B319B00DAC418 /* Debug */ = {
			isa = XCBuildConfiguration;
			buildSettings = {
				ALWAYS_SEARCH_USER_PATHS = NO;
				CLANG_ANALYZER_NONNULL = YES;
				CLANG_ANALYZER_NUMBER_OBJECT_CONVERSION = YES_AGGRESSIVE;
				CLANG_CXX_LANGUAGE_STANDARD = "gnu++17";
				CLANG_ENABLE_MODULES = YES;
				CLANG_ENABLE_OBJC_ARC = YES;
				CLANG_ENABLE_OBJC_WEAK = YES;
				CLANG_WARN_BLOCK_CAPTURE_AUTORELEASING = YES;
				CLANG_WARN_BOOL_CONVERSION = YES;
				CLANG_WARN_COMMA = YES;
				CLANG_WARN_CONSTANT_CONVERSION = YES;
				CLANG_WARN_DEPRECATED_OBJC_IMPLEMENTATIONS = YES;
				CLANG_WARN_DIRECT_OBJC_ISA_USAGE = YES_ERROR;
				CLANG_WARN_DOCUMENTATION_COMMENTS = YES;
				CLANG_WARN_EMPTY_BODY = YES;
				CLANG_WARN_ENUM_CONVERSION = YES;
				CLANG_WARN_INFINITE_RECURSION = YES;
				CLANG_WARN_INT_CONVERSION = YES;
				CLANG_WARN_NON_LITERAL_NULL_CONVERSION = YES;
				CLANG_WARN_OBJC_IMPLICIT_RETAIN_SELF = YES;
				CLANG_WARN_OBJC_LITERAL_CONVERSION = YES;
				CLANG_WARN_OBJC_ROOT_CLASS = YES_ERROR;
				CLANG_WARN_QUOTED_INCLUDE_IN_FRAMEWORK_HEADER = YES;
				CLANG_WARN_RANGE_LOOP_ANALYSIS = YES;
				CLANG_WARN_STRICT_PROTOTYPES = YES;
				CLANG_WARN_SUSPICIOUS_MOVE = YES;
				CLANG_WARN_UNGUARDED_AVAILABILITY = YES_AGGRESSIVE;
				CLANG_WARN_UNREACHABLE_CODE = YES;
				CLANG_WARN__DUPLICATE_METHOD_MATCH = YES;
				COPY_PHASE_STRIP = NO;
				DEBUG_INFORMATION_FORMAT = dwarf;
				ENABLE_STRICT_OBJC_MSGSEND = YES;
				ENABLE_TESTABILITY = YES;
				GCC_C_LANGUAGE_STANDARD = gnu11;
				GCC_DYNAMIC_NO_PIC = NO;
				GCC_NO_COMMON_BLOCKS = YES;
				GCC_OPTIMIZATION_LEVEL = 0;
				GCC_PREPROCESSOR_DEFINITIONS = (
					"DEBUG=1",
					"$(inherited)",
				);
				GCC_WARN_64_TO_32_BIT_CONVERSION = YES;
				GCC_WARN_ABOUT_RETURN_TYPE = YES_ERROR;
				GCC_WARN_UNDECLARED_SELECTOR = YES;
				GCC_WARN_UNINITIALIZED_AUTOS = YES_AGGRESSIVE;
				GCC_WARN_UNUSED_FUNCTION = YES;
				GCC_WARN_UNUSED_VARIABLE = YES;
				IPHONEOS_DEPLOYMENT_TARGET = 15.4;
				MTL_ENABLE_DEBUG_INFO = INCLUDE_SOURCE;
				MTL_FAST_MATH = YES;
				ONLY_ACTIVE_ARCH = YES;
				SDKROOT = iphoneos;
				SWIFT_ACTIVE_COMPILATION_CONDITIONS = DEBUG;
				SWIFT_OPTIMIZATION_LEVEL = "-Onone";
			};
			name = Debug;
		};
		CE00A400285B319B00DAC418 /* Release */ = {
			isa = XCBuildConfiguration;
			buildSettings = {
				ALWAYS_SEARCH_USER_PATHS = NO;
				CLANG_ANALYZER_NONNULL = YES;
				CLANG_ANALYZER_NUMBER_OBJECT_CONVERSION = YES_AGGRESSIVE;
				CLANG_CXX_LANGUAGE_STANDARD = "gnu++17";
				CLANG_ENABLE_MODULES = YES;
				CLANG_ENABLE_OBJC_ARC = YES;
				CLANG_ENABLE_OBJC_WEAK = YES;
				CLANG_WARN_BLOCK_CAPTURE_AUTORELEASING = YES;
				CLANG_WARN_BOOL_CONVERSION = YES;
				CLANG_WARN_COMMA = YES;
				CLANG_WARN_CONSTANT_CONVERSION = YES;
				CLANG_WARN_DEPRECATED_OBJC_IMPLEMENTATIONS = YES;
				CLANG_WARN_DIRECT_OBJC_ISA_USAGE = YES_ERROR;
				CLANG_WARN_DOCUMENTATION_COMMENTS = YES;
				CLANG_WARN_EMPTY_BODY = YES;
				CLANG_WARN_ENUM_CONVERSION = YES;
				CLANG_WARN_INFINITE_RECURSION = YES;
				CLANG_WARN_INT_CONVERSION = YES;
				CLANG_WARN_NON_LITERAL_NULL_CONVERSION = YES;
				CLANG_WARN_OBJC_IMPLICIT_RETAIN_SELF = YES;
				CLANG_WARN_OBJC_LITERAL_CONVERSION = YES;
				CLANG_WARN_OBJC_ROOT_CLASS = YES_ERROR;
				CLANG_WARN_QUOTED_INCLUDE_IN_FRAMEWORK_HEADER = YES;
				CLANG_WARN_RANGE_LOOP_ANALYSIS = YES;
				CLANG_WARN_STRICT_PROTOTYPES = YES;
				CLANG_WARN_SUSPICIOUS_MOVE = YES;
				CLANG_WARN_UNGUARDED_AVAILABILITY = YES_AGGRESSIVE;
				CLANG_WARN_UNREACHABLE_CODE = YES;
				CLANG_WARN__DUPLICATE_METHOD_MATCH = YES;
				COPY_PHASE_STRIP = NO;
				DEBUG_INFORMATION_FORMAT = "dwarf-with-dsym";
				ENABLE_NS_ASSERTIONS = NO;
				ENABLE_STRICT_OBJC_MSGSEND = YES;
				GCC_C_LANGUAGE_STANDARD = gnu11;
				GCC_NO_COMMON_BLOCKS = YES;
				GCC_WARN_64_TO_32_BIT_CONVERSION = YES;
				GCC_WARN_ABOUT_RETURN_TYPE = YES_ERROR;
				GCC_WARN_UNDECLARED_SELECTOR = YES;
				GCC_WARN_UNINITIALIZED_AUTOS = YES_AGGRESSIVE;
				GCC_WARN_UNUSED_FUNCTION = YES;
				GCC_WARN_UNUSED_VARIABLE = YES;
				IPHONEOS_DEPLOYMENT_TARGET = 15.4;
				MTL_ENABLE_DEBUG_INFO = NO;
				MTL_FAST_MATH = YES;
				SDKROOT = iphoneos;
				SWIFT_COMPILATION_MODE = wholemodule;
				SWIFT_OPTIMIZATION_LEVEL = "-O";
				VALIDATE_PRODUCT = YES;
			};
			name = Release;
		};
		CE00A402285B319B00DAC418 /* Debug */ = {
			isa = XCBuildConfiguration;
			buildSettings = {
				ASSETCATALOG_COMPILER_APPICON_NAME = AppIcon;
				ASSETCATALOG_COMPILER_GLOBAL_ACCENT_COLOR_NAME = AccentColor;
				CODE_SIGN_STYLE = Automatic;
				CURRENT_PROJECT_VERSION = 1;
				DEVELOPMENT_TEAM = NYBC469U45;
				GENERATE_INFOPLIST_FILE = YES;
				INFOPLIST_FILE = YuoTubeAPI_APP/Info.plist;
				INFOPLIST_KEY_UIApplicationSupportsIndirectInputEvents = YES;
				INFOPLIST_KEY_UILaunchStoryboardName = LaunchScreen;
				INFOPLIST_KEY_UIMainStoryboardFile = Main;
				INFOPLIST_KEY_UISupportedInterfaceOrientations_iPad = "UIInterfaceOrientationPortrait UIInterfaceOrientationPortraitUpsideDown UIInterfaceOrientationLandscapeLeft UIInterfaceOrientationLandscapeRight";
				INFOPLIST_KEY_UISupportedInterfaceOrientations_iPhone = "UIInterfaceOrientationPortrait UIInterfaceOrientationLandscapeLeft UIInterfaceOrientationLandscapeRight";
				IPHONEOS_DEPLOYMENT_TARGET = 14.4;
				LD_RUNPATH_SEARCH_PATHS = (
					"$(inherited)",
					"@executable_path/Frameworks",
				);
				MARKETING_VERSION = 1.0;
				PRODUCT_BUNDLE_IDENTIFIER = "com.chuvashov.YuoTubeAPI-APP";
				PRODUCT_NAME = "$(TARGET_NAME)";
				SWIFT_EMIT_LOC_STRINGS = YES;
				SWIFT_VERSION = 5.0;
				TARGETED_DEVICE_FAMILY = "1,2";
			};
			name = Debug;
		};
		CE00A403285B319B00DAC418 /* Release */ = {
			isa = XCBuildConfiguration;
			buildSettings = {
				ASSETCATALOG_COMPILER_APPICON_NAME = AppIcon;
				ASSETCATALOG_COMPILER_GLOBAL_ACCENT_COLOR_NAME = AccentColor;
				CODE_SIGN_STYLE = Automatic;
				CURRENT_PROJECT_VERSION = 1;
				DEVELOPMENT_TEAM = NYBC469U45;
				GENERATE_INFOPLIST_FILE = YES;
				INFOPLIST_FILE = YuoTubeAPI_APP/Info.plist;
				INFOPLIST_KEY_UIApplicationSupportsIndirectInputEvents = YES;
				INFOPLIST_KEY_UILaunchStoryboardName = LaunchScreen;
				INFOPLIST_KEY_UIMainStoryboardFile = Main;
				INFOPLIST_KEY_UISupportedInterfaceOrientations_iPad = "UIInterfaceOrientationPortrait UIInterfaceOrientationPortraitUpsideDown UIInterfaceOrientationLandscapeLeft UIInterfaceOrientationLandscapeRight";
				INFOPLIST_KEY_UISupportedInterfaceOrientations_iPhone = "UIInterfaceOrientationPortrait UIInterfaceOrientationLandscapeLeft UIInterfaceOrientationLandscapeRight";
				IPHONEOS_DEPLOYMENT_TARGET = 14.4;
				LD_RUNPATH_SEARCH_PATHS = (
					"$(inherited)",
					"@executable_path/Frameworks",
				);
				MARKETING_VERSION = 1.0;
				PRODUCT_BUNDLE_IDENTIFIER = "com.chuvashov.YuoTubeAPI-APP";
				PRODUCT_NAME = "$(TARGET_NAME)";
				SWIFT_EMIT_LOC_STRINGS = YES;
				SWIFT_VERSION = 5.0;
				TARGETED_DEVICE_FAMILY = "1,2";
			};
			name = Release;
		};
/* End XCBuildConfiguration section */

/* Begin XCConfigurationList section */
		CE00A3E8285B319A00DAC418 /* Build configuration list for PBXProject "YuoTubeAPI_APP" */ = {
			isa = XCConfigurationList;
			buildConfigurations = (
				CE00A3FF285B319B00DAC418 /* Debug */,
				CE00A400285B319B00DAC418 /* Release */,
			);
			defaultConfigurationIsVisible = 0;
			defaultConfigurationName = Release;
		};
		CE00A401285B319B00DAC418 /* Build configuration list for PBXNativeTarget "YuoTubeAPI_APP" */ = {
			isa = XCConfigurationList;
			buildConfigurations = (
				CE00A402285B319B00DAC418 /* Debug */,
				CE00A403285B319B00DAC418 /* Release */,
			);
			defaultConfigurationIsVisible = 0;
			defaultConfigurationName = Release;
		};
/* End XCConfigurationList section */
	};
	rootObject = CE00A3E5285B319A00DAC418 /* Project object */;
}
